<?xml version="1.0" encoding="utf-8"?>
<Project ToolsVersion="4.0" xmlns="http://schemas.microsoft.com/developer/msbuild/2003">
  <ItemGroup>
    <Filter Include="リソース ファイル">
      <UniqueIdentifier>{67DA6AB6-F800-4c08-8B7A-83BB121AAD01}</UniqueIdentifier>
      <Extensions>rc;ico;cur;bmp;dlg;rc2;rct;bin;rgs;gif;jpg;jpeg;jpe;resx;tiff;tif;png;wav;mfcribbon-ms</Extensions>
    </Filter>
    <Filter Include="UUI">
      <UniqueIdentifier>{3f057b21-847e-42ab-aea1-98035e0831b2}</UniqueIdentifier>
    </Filter>
    <Filter Include="UUICalculator">
      <UniqueIdentifier>{c2de6ef6-c581-49fb-9a8d-23fcc82d978d}</UniqueIdentifier>
    </Filter>
  </ItemGroup>
  <ItemGroup>
    <ClCompile Include="Main.cpp" />
    <ClCompile Include="UUICalculator\UUICalculator.cpp">
      <Filter>UUICalculator</Filter>
    </ClCompile>
    <ClCompile Include="UUI\UUI.cpp">
      <Filter>UUI</Filter>
    </ClCompile>
  </ItemGroup>
  <ItemGroup>
    <ClInclude Include="UUICalculator\UUICalculator.h">
      <Filter>UUICalculator</Filter>
    </ClInclude>
    <ClInclude Include="UUI\UUI.h">
      <Filter>UUI</Filter>
    </ClInclude>
  </ItemGroup>
</Project>